
Microsoft Visual Studio Solution File, Format Version 12.00
# Visual Studio Version 16
VisualStudioVersion = 16.0.29728.190
MinimumVisualStudioVersion = 10.0.40219.1
Project("{9A19103F-16F7-4668-BE54-9A1E7A4F7556}") = "Shadowsocks", "Shadowsocks-Net\Shadowsocks\Shadowsocks.csproj", "{98E254E6-56C8-442D-BCE2-D4DEBF88FC61}"
EndProject
Project("{9A19103F-16F7-4668-BE54-9A1E7A4F7556}") = "ShadowsocksTest", "Shadowsocks-Net\ShadowsocksTest\ShadowsocksTest.csproj", "{407960E1-7A71-4378-89D5-87B2D957F851}"
EndProject
Project("{2150E333-8FDC-42A3-9474-1A3956D46DE8}") = "Linux", "Linux", "{2D4F0C2E-F093-4589-A316-0D7586AC3F7D}"
EndProject
Project("{2150E333-8FDC-42A3-9474-1A3956D46DE8}") = "Windows", "Windows", "{52A8B730-A55A-42EA-85E2-BBE04CF799A5}"
EndProject
Project("{2150E333-8FDC-42A3-9474-1A3956D46DE8}") = "Minimal", "Minimal", "{8FAAAE16-7395-4A05-ABAA-93D3EFF826E1}"
EndProject
Project("{9A19103F-16F7-4668-BE54-9A1E7A4F7556}") = "Shadowsocks-Minimal-Crossplatform-Local", "Shadowsocks-Net\Minimal\Shadowsocks-Minimal-CrossPlatform-Local\Shadowsocks-Minimal-Crossplatform-Local.csproj", "{5CB452A1-1984-44FD-82A3-CC305AF423A8}"
EndProject
Project("{9A19103F-16F7-4668-BE54-9A1E7A4F7556}") = "Shadowsocks-Minimal-Crossplatform-Remote", "Shadowsocks-Net\Minimal\Shadowsocks-Minimal-CrossPlatform-Remote\Shadowsocks-Minimal-Crossplatform-Remote.csproj", "{238C2D73-8648-42B9-A7A1-15D6A0B013C1}"
EndProject
Project("{2150E333-8FDC-42A3-9474-1A3956D46DE8}") = "Solution Items", "Solution Items", "{506187E4-E054-4A9C-A4ED-B93674113CEF}"
	ProjectSection(SolutionItems) = preProject
		LICENSE = LICENSE
		README.md = README.md
		ssarch.png = ssarch.png
		ssarch.svg = ssarch.svg
		ssarchpt.png = ssarchpt.png
		ssarchpt.svg = ssarchpt.svg
	EndProjectSection
EndProject
Project("{9A19103F-16F7-4668-BE54-9A1E7A4F7556}") = "Shadowsocks.Infrastructure", "Shadowsocks-Net\Shadowsocks.Infrastructure\Shadowsocks.Infrastructure.csproj", "{7570133C-F669-41E2-9F79-EF5D4CAF4225}"
EndProject
Project("{9A19103F-16F7-4668-BE54-9A1E7A4F7556}") = "Shadowsocks.Cryptography", "Shadowsocks-Net\Shadowsocks.Cryptography\Shadowsocks.Cryptography.csproj", "{D12EAD12-A05B-4608-B63B-A6B1D9EEA9D0}"
EndProject
Global
	GlobalSection(SolutionConfigurationPlatforms) = preSolution
		Debug|Any CPU = Debug|Any CPU
		Release|Any CPU = Release|Any CPU
	EndGlobalSection
	GlobalSection(ProjectConfigurationPlatforms) = postSolution
		{98E254E6-56C8-442D-BCE2-D4DEBF88FC61}.Debug|Any CPU.ActiveCfg = Debug|Any CPU
		{98E254E6-56C8-442D-BCE2-D4DEBF88FC61}.Debug|Any CPU.Build.0 = Debug|Any CPU
		{98E254E6-56C8-442D-BCE2-D4DEBF88FC61}.Release|Any CPU.ActiveCfg = Release|Any CPU
		{98E254E6-56C8-442D-BCE2-D4DEBF88FC61}.Release|Any CPU.Build.0 = Release|Any CPU
		{407960E1-7A71-4378-89D5-87B2D957F851}.Debug|Any CPU.ActiveCfg = Debug|Any CPU
		{407960E1-7A71-4378-89D5-87B2D957F851}.Debug|Any CPU.Build.0 = Debug|Any CPU
		{407960E1-7A71-4378-89D5-87B2D957F851}.Release|Any CPU.ActiveCfg = Release|Any CPU
		{407960E1-7A71-4378-89D5-87B2D957F851}.Release|Any CPU.Build.0 = Release|Any CPU
		{5CB452A1-1984-44FD-82A3-CC305AF423A8}.Debug|Any CPU.ActiveCfg = Debug|Any CPU
		{5CB452A1-1984-44FD-82A3-CC305AF423A8}.Debug|Any CPU.Build.0 = Debug|Any CPU
		{5CB452A1-1984-44FD-82A3-CC305AF423A8}.Release|Any CPU.ActiveCfg = Release|Any CPU
		{5CB452A1-1984-44FD-82A3-CC305AF423A8}.Release|Any CPU.Build.0 = Release|Any CPU
		{238C2D73-8648-42B9-A7A1-15D6A0B013C1}.Debug|Any CPU.ActiveCfg = Debug|Any CPU
		{238C2D73-8648-42B9-A7A1-15D6A0B013C1}.Debug|Any CPU.Build.0 = Debug|Any CPU
		{238C2D73-8648-42B9-A7A1-15D6A0B013C1}.Release|Any CPU.ActiveCfg = Release|Any CPU
		{238C2D73-8648-42B9-A7A1-15D6A0B013C1}.Release|Any CPU.Build.0 = Release|Any CPU
		{7570133C-F669-41E2-9F79-EF5D4CAF4225}.Debug|Any CPU.ActiveCfg = Debug|Any CPU
		{7570133C-F669-41E2-9F79-EF5D4CAF4225}.Debug|Any CPU.Build.0 = Debug|Any CPU
		{7570133C-F669-41E2-9F79-EF5D4CAF4225}.Release|Any CPU.ActiveCfg = Release|Any CPU
		{7570133C-F669-41E2-9F79-EF5D4CAF4225}.Release|Any CPU.Build.0 = Release|Any CPU
		{D12EAD12-A05B-4608-B63B-A6B1D9EEA9D0}.Debug|Any CPU.ActiveCfg = Debug|Any CPU
		{D12EAD12-A05B-4608-B63B-A6B1D9EEA9D0}.Debug|Any CPU.Build.0 = Debug|Any CPU
		{D12EAD12-A05B-4608-B63B-A6B1D9EEA9D0}.Release|Any CPU.ActiveCfg = Release|Any CPU
		{D12EAD12-A05B-4608-B63B-A6B1D9EEA9D0}.Release|Any CPU.Build.0 = Release|Any CPU
	EndGlobalSection
	GlobalSection(SolutionProperties) = preSolution
		HideSolutionNode = FALSE
	EndGlobalSection
	GlobalSection(NestedProjects) = preSolution
		{5CB452A1-1984-44FD-82A3-CC305AF423A8} = {8FAAAE16-7395-4A05-ABAA-93D3EFF826E1}
		{238C2D73-8648-42B9-A7A1-15D6A0B013C1} = {8FAAAE16-7395-4A05-ABAA-93D3EFF826E1}
	EndGlobalSection
	GlobalSection(ExtensibilityGlobals) = postSolution
		SolutionGuid = {C637C6B6-CCCB-4A6F-80B2-0D8C25BB4CCC}
	EndGlobalSection
EndGlobal
